
Microsoft Visual Studio Solution File, Format Version 12.00
# Visual Studio Version 16
VisualStudioVersion = 16.0.29806.167
MinimumVisualStudioVersion = 10.0.40219.1
Project("{8BC9CEB8-8B4A-11D0-8D11-00A0C91BC942}") = "EmbeddedAssemblerInCpp", "EmbeddedAssemblerInCpp.vcxproj", "{132FF150-E83F-468F-ACD3-C7019945AD43}"
EndProject
Global
	GlobalSection(SolutionConfigurationPlatforms) = preSolution
		Debug|x64 = Debug|x64
		Debug|x86 = Debug|x86
		Release|x64 = Release|x64
		Release|x86 = Release|x86
	EndGlobalSection
	GlobalSection(ProjectConfigurationPlatforms) = postSolution
		{132FF150-E83F-468F-ACD3-C7019945AD43}.Debug|x64.ActiveCfg = Debug|x64
		{132FF150-E83F-468F-ACD3-C7019945AD43}.Debug|x64.Build.0 = Debug|x64
		{132FF150-E83F-468F-ACD3-C7019945AD43}.Debug|x86.ActiveCfg = Debug|Win32
		{132FF150-E83F-468F-ACD3-C7019945AD43}.Debug|x86.Build.0 = Debug|Win32
		{132FF150-E83F-468F-ACD3-C7019945AD43}.Release|x64.ActiveCfg = Release|x64
		{132FF150-E83F-468F-ACD3-C7019945AD43}.Release|x64.Build.0 = Release|x64
		{132FF150-E83F-468F-ACD3-C7019945AD43}.Release|x86.ActiveCfg = Release|Win32
		{132FF150-E83F-468F-ACD3-C7019945AD43}.Release|x86.Build.0 = Release|Win32
	EndGlobalSection
	GlobalSection(SolutionProperties) = preSolution
		HideSolutionNode = FALSE
	EndGlobalSection
	GlobalSection(ExtensibilityGlobals) = postSolution
		SolutionGuid = {F73ACEDE-D316-432D-99AA-7C90D58DFE0E}
	EndGlobalSection
EndGlobal
